
Microsoft Visual Studio Solution File, Format Version 12.00
# Visual Studio Version 17
VisualStudioVersion = 17.8.34408.163
MinimumVisualStudioVersion = 10.0.40219.1
Project("{9A19103F-16F7-4668-BE54-9A1E7A4F7556}") = "4PMQuiz", "4PMQuiz\4PMQuiz.csproj", "{F0DE73F9-BA88-4897-8FBF-A1617D2B3FC2}"
EndProject
Project("{2150E333-8FDC-42A3-9474-1A3956D46DE8}") = "src", "src", "{381866DE-78C1-4D80-9939-E5879A82BA50}"
EndProject
Project("{9A19103F-16F7-4668-BE54-9A1E7A4F7556}") = "UserService", "UserService\UserService.csproj", "{C3C0EEAB-8EC7-47A7-B14C-E5AA58AEECD5}"
EndProject
Project("{9A19103F-16F7-4668-BE54-9A1E7A4F7556}") = "ExamService", "ExampleService\ExamService.csproj", "{331402AD-06C8-416F-949E-B698DD012FBD}"
EndProject
Project("{9A19103F-16F7-4668-BE54-9A1E7A4F7556}") = "GenAIService", "GenAIService\GenAIService.csproj", "{4F1BC633-E4C3-42DC-8EDB-6581072AFFF2}"
EndProject
Project("{9A19103F-16F7-4668-BE54-9A1E7A4F7556}") = "NotificationService", "NotificationService\NotificationService.csproj", "{F95E9025-41DB-43C5-8CCA-22C95634127B}"
EndProject
Project("{9A19103F-16F7-4668-BE54-9A1E7A4F7556}") = "QuestionService", "QuestionService\QuestionService.csproj", "{6B84AFE9-9372-4469-A33F-B3C6CBC3E840}"
EndProject
Project("{9A19103F-16F7-4668-BE54-9A1E7A4F7556}") = "Helper", "Helper\Helper.csproj", "{7676584E-F728-4485-89DB-35630589CFD2}"
EndProject
Project("{9A19103F-16F7-4668-BE54-9A1E7A4F7556}") = "MasterModel", "MasterModel\MasterModel.csproj", "{7AD68A13-1BED-484E-A50D-32ED182C44B8}"
EndProject
Project("{FAE04EC0-301F-11D3-BF4B-00C04F79EFBC}") = "TopicService", "TopicService\TopicService.csproj", "{822782AF-1FAA-4403-8278-BD958053E669}"
EndProject
Project("{2150E333-8FDC-42A3-9474-1A3956D46DE8}") = "model", "model", "{AAF65C67-BE60-44F4-B2E8-614BD5B7E5B9}"
EndProject
Project("{2150E333-8FDC-42A3-9474-1A3956D46DE8}") = "helper", "helper", "{C3153B30-8B9C-4480-83B3-5A67736D9763}"
EndProject
Global
	GlobalSection(SolutionConfigurationPlatforms) = preSolution
		Debug|Any CPU = Debug|Any CPU
		Release|Any CPU = Release|Any CPU
	EndGlobalSection
	GlobalSection(ProjectConfigurationPlatforms) = postSolution
		{F0DE73F9-BA88-4897-8FBF-A1617D2B3FC2}.Debug|Any CPU.ActiveCfg = Debug|Any CPU
		{F0DE73F9-BA88-4897-8FBF-A1617D2B3FC2}.Debug|Any CPU.Build.0 = Debug|Any CPU
		{F0DE73F9-BA88-4897-8FBF-A1617D2B3FC2}.Release|Any CPU.ActiveCfg = Release|Any CPU
		{F0DE73F9-BA88-4897-8FBF-A1617D2B3FC2}.Release|Any CPU.Build.0 = Release|Any CPU
		{C3C0EEAB-8EC7-47A7-B14C-E5AA58AEECD5}.Debug|Any CPU.ActiveCfg = Debug|Any CPU
		{C3C0EEAB-8EC7-47A7-B14C-E5AA58AEECD5}.Debug|Any CPU.Build.0 = Debug|Any CPU
		{C3C0EEAB-8EC7-47A7-B14C-E5AA58AEECD5}.Release|Any CPU.ActiveCfg = Release|Any CPU
		{C3C0EEAB-8EC7-47A7-B14C-E5AA58AEECD5}.Release|Any CPU.Build.0 = Release|Any CPU
		{331402AD-06C8-416F-949E-B698DD012FBD}.Debug|Any CPU.ActiveCfg = Debug|Any CPU
		{331402AD-06C8-416F-949E-B698DD012FBD}.Debug|Any CPU.Build.0 = Debug|Any CPU
		{331402AD-06C8-416F-949E-B698DD012FBD}.Release|Any CPU.ActiveCfg = Release|Any CPU
		{331402AD-06C8-416F-949E-B698DD012FBD}.Release|Any CPU.Build.0 = Release|Any CPU
		{4F1BC633-E4C3-42DC-8EDB-6581072AFFF2}.Debug|Any CPU.ActiveCfg = Debug|Any CPU
		{4F1BC633-E4C3-42DC-8EDB-6581072AFFF2}.Debug|Any CPU.Build.0 = Debug|Any CPU
		{4F1BC633-E4C3-42DC-8EDB-6581072AFFF2}.Release|Any CPU.ActiveCfg = Release|Any CPU
		{4F1BC633-E4C3-42DC-8EDB-6581072AFFF2}.Release|Any CPU.Build.0 = Release|Any CPU
		{F95E9025-41DB-43C5-8CCA-22C95634127B}.Debug|Any CPU.ActiveCfg = Debug|Any CPU
		{F95E9025-41DB-43C5-8CCA-22C95634127B}.Debug|Any CPU.Build.0 = Debug|Any CPU
		{F95E9025-41DB-43C5-8CCA-22C95634127B}.Release|Any CPU.ActiveCfg = Release|Any CPU
		{F95E9025-41DB-43C5-8CCA-22C95634127B}.Release|Any CPU.Build.0 = Release|Any CPU
		{6B84AFE9-9372-4469-A33F-B3C6CBC3E840}.Debug|Any CPU.ActiveCfg = Debug|Any CPU
		{6B84AFE9-9372-4469-A33F-B3C6CBC3E840}.Debug|Any CPU.Build.0 = Debug|Any CPU
		{6B84AFE9-9372-4469-A33F-B3C6CBC3E840}.Release|Any CPU.ActiveCfg = Release|Any CPU
		{6B84AFE9-9372-4469-A33F-B3C6CBC3E840}.Release|Any CPU.Build.0 = Release|Any CPU
		{7676584E-F728-4485-89DB-35630589CFD2}.Debug|Any CPU.ActiveCfg = Debug|Any CPU
		{7676584E-F728-4485-89DB-35630589CFD2}.Debug|Any CPU.Build.0 = Debug|Any CPU
		{7676584E-F728-4485-89DB-35630589CFD2}.Release|Any CPU.ActiveCfg = Release|Any CPU
		{7676584E-F728-4485-89DB-35630589CFD2}.Release|Any CPU.Build.0 = Release|Any CPU
		{7AD68A13-1BED-484E-A50D-32ED182C44B8}.Debug|Any CPU.ActiveCfg = Debug|Any CPU
		{7AD68A13-1BED-484E-A50D-32ED182C44B8}.Debug|Any CPU.Build.0 = Debug|Any CPU
		{7AD68A13-1BED-484E-A50D-32ED182C44B8}.Release|Any CPU.ActiveCfg = Release|Any CPU
		{7AD68A13-1BED-484E-A50D-32ED182C44B8}.Release|Any CPU.Build.0 = Release|Any CPU
		{822782AF-1FAA-4403-8278-BD958053E669}.Debug|Any CPU.ActiveCfg = Debug|Any CPU
		{822782AF-1FAA-4403-8278-BD958053E669}.Debug|Any CPU.Build.0 = Debug|Any CPU
		{822782AF-1FAA-4403-8278-BD958053E669}.Release|Any CPU.ActiveCfg = Release|Any CPU
		{822782AF-1FAA-4403-8278-BD958053E669}.Release|Any CPU.Build.0 = Release|Any CPU
	EndGlobalSection
	GlobalSection(SolutionProperties) = preSolution
		HideSolutionNode = FALSE
	EndGlobalSection
	GlobalSection(NestedProjects) = preSolution
		{C3C0EEAB-8EC7-47A7-B14C-E5AA58AEECD5} = {381866DE-78C1-4D80-9939-E5879A82BA50}
		{331402AD-06C8-416F-949E-B698DD012FBD} = {381866DE-78C1-4D80-9939-E5879A82BA50}
		{4F1BC633-E4C3-42DC-8EDB-6581072AFFF2} = {381866DE-78C1-4D80-9939-E5879A82BA50}
		{F95E9025-41DB-43C5-8CCA-22C95634127B} = {381866DE-78C1-4D80-9939-E5879A82BA50}
		{6B84AFE9-9372-4469-A33F-B3C6CBC3E840} = {381866DE-78C1-4D80-9939-E5879A82BA50}
		{7676584E-F728-4485-89DB-35630589CFD2} = {C3153B30-8B9C-4480-83B3-5A67736D9763}
		{7AD68A13-1BED-484E-A50D-32ED182C44B8} = {AAF65C67-BE60-44F4-B2E8-614BD5B7E5B9}
		{822782AF-1FAA-4403-8278-BD958053E669} = {381866DE-78C1-4D80-9939-E5879A82BA50}
	EndGlobalSection
	GlobalSection(ExtensibilityGlobals) = postSolution
		SolutionGuid = {7ADDC696-D8FC-43D4-AD95-BB4544BE15D7}
	EndGlobalSection
EndGlobal
